# THIS IS AN AUTOGENERATED FILE. DO NOT EDIT THIS FILE DIRECTLY.
# yarn lockfile v1


react@^19.2.5:
  version "19.2.5"
  resolved "https://registry.yarnpkg.com/react/-/react-19.2.5.tgz#c888ab8b8ef33e2597fae8bdb2d77edbdb42858b"
  integrity sha512-llUJLzz1zTUBrskt2pwZgLq59AemifIftw4aB7JxOqf1HY2FDaGDxgwpAPVzHU1kdWabH7FauP4i1oEeer2WCA==
